
Microsoft Visual Studio Solution File, Format Version 12.00
# Visual Studio Version 17
VisualStudioVersion = 17.4.33213.308
MinimumVisualStudioVersion = 10.0.40219.1
Project("{9A19103F-16F7-4668-BE54-9A1E7A4F7556}") = "Indexers", "Indexers\Indexers.csproj", "{32A5E97F-07BB-441F-B017-25A8B471B5DF}"
EndProject
Project("{9A19103F-16F7-4668-BE54-9A1E7A4F7556}") = "Delegate", "Delegate\Delegate.csproj", "{456FAE25-88E4-4B4C-92A7-3A82F501C1D2}"
EndProject
Project("{9A19103F-16F7-4668-BE54-9A1E7A4F7556}") = "Events", "Events\Events.csproj", "{6D4334A9-787D-4645-B0DD-EF669707DD1F}"
EndProject
Project("{9A19103F-16F7-4668-BE54-9A1E7A4F7556}") = "Operator Overloading", "Operator Overloading\Operator Overloading.csproj", "{B17C4E09-4E07-4628-9CC8-B8313AE11A47}"
EndProject
Project("{9A19103F-16F7-4668-BE54-9A1E7A4F7556}") = "Finalizer", "Finalizer\Finalizer.csproj", "{6392EB32-9C15-4951-92F0-57996B4CF387}"
EndProject
Project("{9A19103F-16F7-4668-BE54-9A1E7A4F7556}") = "Nested Types", "Nested Types\Nested Types.csproj", "{2ABACBAB-F715-450D-835F-7FA6980F7116}"
EndProject
Project("{9A19103F-16F7-4668-BE54-9A1E7A4F7556}") = "Struct", "Struct\Struct.csproj", "{BE8D50C7-B9F8-4CA2-9298-FD9B3B504C21}"
EndProject
Project("{9A19103F-16F7-4668-BE54-9A1E7A4F7556}") = "Generic Delegate Type", "Generic Delegate Type\Generic Delegate Type.csproj", "{980EC532-9544-4F42-A06C-35888C50C25F}"
EndProject
Project("{9A19103F-16F7-4668-BE54-9A1E7A4F7556}") = "Enumerators and  Iterators", "Enumerators and  Iterators\Enumerators and  Iterators.csproj", "{2970F097-EC5F-41DD-9710-6A58BDE19D4F}"
EndProject
Project("{9A19103F-16F7-4668-BE54-9A1E7A4F7556}") = "Assemblies", "Assemblies\Assemblies.csproj", "{01451804-09E6-4E47-A337-EF4DD511BE68}"
EndProject
Project("{9A19103F-16F7-4668-BE54-9A1E7A4F7556}") = "Refliction", "Refliction\Refliction.csproj", "{53D638EE-8EF7-4D9F-A61B-204EEDB00C0C}"
EndProject
Project("{2150E333-8FDC-42A3-9474-1A3956D46DE8}") = "CSharp", "CSharp", "{84357833-626B-4286-B01C-AB38E415D857}"
EndProject
Project("{2150E333-8FDC-42A3-9474-1A3956D46DE8}") = "LINQ", "LINQ", "{DB166958-8D20-4B76-B8FC-87A1A36B9798}"
EndProject
Project("{9A19103F-16F7-4668-BE54-9A1E7A4F7556}") = "Pure Vs. Impure Function", "Pure Vs. Impure Function\Pure Vs. Impure Function.csproj", "{56DD78EE-F5D6-4F1B-B79B-C9726D9CD535}"
EndProject
Project("{9A19103F-16F7-4668-BE54-9A1E7A4F7556}") = "Functional Programming", "Functional Programming\Functional Programming.csproj", "{BC2615CF-3E3E-47BE-9E6B-37817E6A0C72}"
EndProject
Project("{9A19103F-16F7-4668-BE54-9A1E7A4F7556}") = "Core Of LINQ", "Core Of LINQ\Core Of LINQ.csproj", "{C15A0CF8-A4B2-413B-8872-D8F2E1D79FD4}"
EndProject
Project("{9A19103F-16F7-4668-BE54-9A1E7A4F7556}") = "Projection Operation", "Projection Operation\Projection Operation.csproj", "{7491E916-0B0D-4222-8A14-0843ECA74376}"
EndProject
Project("{2150E333-8FDC-42A3-9474-1A3956D46DE8}") = "Lists And Dictionaries", "Lists And Dictionaries", "{B3B55344-9DC3-4D30-AB50-F3655D0362F1}"
EndProject
Project("{FAE04EC0-301F-11D3-BF4B-00C04F79EFBC}") = "Lists", "Lists\Lists.csproj", "{342F55D8-71A9-4DA1-A501-969FD940B04B}"
EndProject
Project("{FAE04EC0-301F-11D3-BF4B-00C04F79EFBC}") = "Dictionaries", "Dictionaries\Dictionaries.csproj", "{EC741EE0-173F-4FC1-A8FE-C19D7EF0BE3E}"
EndProject
Global
	GlobalSection(SolutionConfigurationPlatforms) = preSolution
		Debug|Any CPU = Debug|Any CPU
		Release|Any CPU = Release|Any CPU
	EndGlobalSection
	GlobalSection(ProjectConfigurationPlatforms) = postSolution
		{32A5E97F-07BB-441F-B017-25A8B471B5DF}.Debug|Any CPU.ActiveCfg = Debug|Any CPU
		{32A5E97F-07BB-441F-B017-25A8B471B5DF}.Debug|Any CPU.Build.0 = Debug|Any CPU
		{32A5E97F-07BB-441F-B017-25A8B471B5DF}.Release|Any CPU.ActiveCfg = Release|Any CPU
		{32A5E97F-07BB-441F-B017-25A8B471B5DF}.Release|Any CPU.Build.0 = Release|Any CPU
		{456FAE25-88E4-4B4C-92A7-3A82F501C1D2}.Debug|Any CPU.ActiveCfg = Debug|Any CPU
		{456FAE25-88E4-4B4C-92A7-3A82F501C1D2}.Debug|Any CPU.Build.0 = Debug|Any CPU
		{456FAE25-88E4-4B4C-92A7-3A82F501C1D2}.Release|Any CPU.ActiveCfg = Release|Any CPU
		{456FAE25-88E4-4B4C-92A7-3A82F501C1D2}.Release|Any CPU.Build.0 = Release|Any CPU
		{6D4334A9-787D-4645-B0DD-EF669707DD1F}.Debug|Any CPU.ActiveCfg = Debug|Any CPU
		{6D4334A9-787D-4645-B0DD-EF669707DD1F}.Debug|Any CPU.Build.0 = Debug|Any CPU
		{6D4334A9-787D-4645-B0DD-EF669707DD1F}.Release|Any CPU.ActiveCfg = Release|Any CPU
		{6D4334A9-787D-4645-B0DD-EF669707DD1F}.Release|Any CPU.Build.0 = Release|Any CPU
		{B17C4E09-4E07-4628-9CC8-B8313AE11A47}.Debug|Any CPU.ActiveCfg = Debug|Any CPU
		{B17C4E09-4E07-4628-9CC8-B8313AE11A47}.Debug|Any CPU.Build.0 = Debug|Any CPU
		{B17C4E09-4E07-4628-9CC8-B8313AE11A47}.Release|Any CPU.ActiveCfg = Release|Any CPU
		{B17C4E09-4E07-4628-9CC8-B8313AE11A47}.Release|Any CPU.Build.0 = Release|Any CPU
		{6392EB32-9C15-4951-92F0-57996B4CF387}.Debug|Any CPU.ActiveCfg = Debug|Any CPU
		{6392EB32-9C15-4951-92F0-57996B4CF387}.Debug|Any CPU.Build.0 = Debug|Any CPU
		{6392EB32-9C15-4951-92F0-57996B4CF387}.Release|Any CPU.ActiveCfg = Release|Any CPU
		{6392EB32-9C15-4951-92F0-57996B4CF387}.Release|Any CPU.Build.0 = Release|Any CPU
		{2ABACBAB-F715-450D-835F-7FA6980F7116}.Debug|Any CPU.ActiveCfg = Debug|Any CPU
		{2ABACBAB-F715-450D-835F-7FA6980F7116}.Debug|Any CPU.Build.0 = Debug|Any CPU
		{2ABACBAB-F715-450D-835F-7FA6980F7116}.Release|Any CPU.ActiveCfg = Release|Any CPU
		{2ABACBAB-F715-450D-835F-7FA6980F7116}.Release|Any CPU.Build.0 = Release|Any CPU
		{BE8D50C7-B9F8-4CA2-9298-FD9B3B504C21}.Debug|Any CPU.ActiveCfg = Debug|Any CPU
		{BE8D50C7-B9F8-4CA2-9298-FD9B3B504C21}.Debug|Any CPU.Build.0 = Debug|Any CPU
		{BE8D50C7-B9F8-4CA2-9298-FD9B3B504C21}.Release|Any CPU.ActiveCfg = Release|Any CPU
		{BE8D50C7-B9F8-4CA2-9298-FD9B3B504C21}.Release|Any CPU.Build.0 = Release|Any CPU
		{980EC532-9544-4F42-A06C-35888C50C25F}.Debug|Any CPU.ActiveCfg = Debug|Any CPU
		{980EC532-9544-4F42-A06C-35888C50C25F}.Debug|Any CPU.Build.0 = Debug|Any CPU
		{980EC532-9544-4F42-A06C-35888C50C25F}.Release|Any CPU.ActiveCfg = Release|Any CPU
		{980EC532-9544-4F42-A06C-35888C50C25F}.Release|Any CPU.Build.0 = Release|Any CPU
		{2970F097-EC5F-41DD-9710-6A58BDE19D4F}.Debug|Any CPU.ActiveCfg = Debug|Any CPU
		{2970F097-EC5F-41DD-9710-6A58BDE19D4F}.Debug|Any CPU.Build.0 = Debug|Any CPU
		{2970F097-EC5F-41DD-9710-6A58BDE19D4F}.Release|Any CPU.ActiveCfg = Release|Any CPU
		{2970F097-EC5F-41DD-9710-6A58BDE19D4F}.Release|Any CPU.Build.0 = Release|Any CPU
		{01451804-09E6-4E47-A337-EF4DD511BE68}.Debug|Any CPU.ActiveCfg = Debug|Any CPU
		{01451804-09E6-4E47-A337-EF4DD511BE68}.Debug|Any CPU.Build.0 = Debug|Any CPU
		{01451804-09E6-4E47-A337-EF4DD511BE68}.Release|Any CPU.ActiveCfg = Release|Any CPU
		{01451804-09E6-4E47-A337-EF4DD511BE68}.Release|Any CPU.Build.0 = Release|Any CPU
		{53D638EE-8EF7-4D9F-A61B-204EEDB00C0C}.Debug|Any CPU.ActiveCfg = Debug|Any CPU
		{53D638EE-8EF7-4D9F-A61B-204EEDB00C0C}.Debug|Any CPU.Build.0 = Debug|Any CPU
		{53D638EE-8EF7-4D9F-A61B-204EEDB00C0C}.Release|Any CPU.ActiveCfg = Release|Any CPU
		{53D638EE-8EF7-4D9F-A61B-204EEDB00C0C}.Release|Any CPU.Build.0 = Release|Any CPU
		{56DD78EE-F5D6-4F1B-B79B-C9726D9CD535}.Debug|Any CPU.ActiveCfg = Debug|Any CPU
		{56DD78EE-F5D6-4F1B-B79B-C9726D9CD535}.Debug|Any CPU.Build.0 = Debug|Any CPU
		{56DD78EE-F5D6-4F1B-B79B-C9726D9CD535}.Release|Any CPU.ActiveCfg = Release|Any CPU
		{56DD78EE-F5D6-4F1B-B79B-C9726D9CD535}.Release|Any CPU.Build.0 = Release|Any CPU
		{BC2615CF-3E3E-47BE-9E6B-37817E6A0C72}.Debug|Any CPU.ActiveCfg = Debug|Any CPU
		{BC2615CF-3E3E-47BE-9E6B-37817E6A0C72}.Debug|Any CPU.Build.0 = Debug|Any CPU
		{BC2615CF-3E3E-47BE-9E6B-37817E6A0C72}.Release|Any CPU.ActiveCfg = Release|Any CPU
		{BC2615CF-3E3E-47BE-9E6B-37817E6A0C72}.Release|Any CPU.Build.0 = Release|Any CPU
		{C15A0CF8-A4B2-413B-8872-D8F2E1D79FD4}.Debug|Any CPU.ActiveCfg = Debug|Any CPU
		{C15A0CF8-A4B2-413B-8872-D8F2E1D79FD4}.Debug|Any CPU.Build.0 = Debug|Any CPU
		{C15A0CF8-A4B2-413B-8872-D8F2E1D79FD4}.Release|Any CPU.ActiveCfg = Release|Any CPU
		{C15A0CF8-A4B2-413B-8872-D8F2E1D79FD4}.Release|Any CPU.Build.0 = Release|Any CPU
		{7491E916-0B0D-4222-8A14-0843ECA74376}.Debug|Any CPU.ActiveCfg = Debug|Any CPU
		{7491E916-0B0D-4222-8A14-0843ECA74376}.Debug|Any CPU.Build.0 = Debug|Any CPU
		{7491E916-0B0D-4222-8A14-0843ECA74376}.Release|Any CPU.ActiveCfg = Release|Any CPU
		{7491E916-0B0D-4222-8A14-0843ECA74376}.Release|Any CPU.Build.0 = Release|Any CPU
		{342F55D8-71A9-4DA1-A501-969FD940B04B}.Debug|Any CPU.ActiveCfg = Debug|Any CPU
		{342F55D8-71A9-4DA1-A501-969FD940B04B}.Debug|Any CPU.Build.0 = Debug|Any CPU
		{342F55D8-71A9-4DA1-A501-969FD940B04B}.Release|Any CPU.ActiveCfg = Release|Any CPU
		{342F55D8-71A9-4DA1-A501-969FD940B04B}.Release|Any CPU.Build.0 = Release|Any CPU
		{EC741EE0-173F-4FC1-A8FE-C19D7EF0BE3E}.Debug|Any CPU.ActiveCfg = Debug|Any CPU
		{EC741EE0-173F-4FC1-A8FE-C19D7EF0BE3E}.Debug|Any CPU.Build.0 = Debug|Any CPU
		{EC741EE0-173F-4FC1-A8FE-C19D7EF0BE3E}.Release|Any CPU.ActiveCfg = Release|Any CPU
		{EC741EE0-173F-4FC1-A8FE-C19D7EF0BE3E}.Release|Any CPU.Build.0 = Release|Any CPU
	EndGlobalSection
	GlobalSection(SolutionProperties) = preSolution
		HideSolutionNode = FALSE
	EndGlobalSection
	GlobalSection(NestedProjects) = preSolution
		{32A5E97F-07BB-441F-B017-25A8B471B5DF} = {84357833-626B-4286-B01C-AB38E415D857}
		{456FAE25-88E4-4B4C-92A7-3A82F501C1D2} = {84357833-626B-4286-B01C-AB38E415D857}
		{6D4334A9-787D-4645-B0DD-EF669707DD1F} = {84357833-626B-4286-B01C-AB38E415D857}
		{B17C4E09-4E07-4628-9CC8-B8313AE11A47} = {84357833-626B-4286-B01C-AB38E415D857}
		{6392EB32-9C15-4951-92F0-57996B4CF387} = {84357833-626B-4286-B01C-AB38E415D857}
		{2ABACBAB-F715-450D-835F-7FA6980F7116} = {84357833-626B-4286-B01C-AB38E415D857}
		{BE8D50C7-B9F8-4CA2-9298-FD9B3B504C21} = {84357833-626B-4286-B01C-AB38E415D857}
		{980EC532-9544-4F42-A06C-35888C50C25F} = {84357833-626B-4286-B01C-AB38E415D857}
		{2970F097-EC5F-41DD-9710-6A58BDE19D4F} = {84357833-626B-4286-B01C-AB38E415D857}
		{01451804-09E6-4E47-A337-EF4DD511BE68} = {84357833-626B-4286-B01C-AB38E415D857}
		{53D638EE-8EF7-4D9F-A61B-204EEDB00C0C} = {84357833-626B-4286-B01C-AB38E415D857}
		{56DD78EE-F5D6-4F1B-B79B-C9726D9CD535} = {DB166958-8D20-4B76-B8FC-87A1A36B9798}
		{BC2615CF-3E3E-47BE-9E6B-37817E6A0C72} = {DB166958-8D20-4B76-B8FC-87A1A36B9798}
		{C15A0CF8-A4B2-413B-8872-D8F2E1D79FD4} = {DB166958-8D20-4B76-B8FC-87A1A36B9798}
		{7491E916-0B0D-4222-8A14-0843ECA74376} = {DB166958-8D20-4B76-B8FC-87A1A36B9798}
		{B3B55344-9DC3-4D30-AB50-F3655D0362F1} = {84357833-626B-4286-B01C-AB38E415D857}
		{342F55D8-71A9-4DA1-A501-969FD940B04B} = {B3B55344-9DC3-4D30-AB50-F3655D0362F1}
		{EC741EE0-173F-4FC1-A8FE-C19D7EF0BE3E} = {B3B55344-9DC3-4D30-AB50-F3655D0362F1}
	EndGlobalSection
	GlobalSection(ExtensibilityGlobals) = postSolution
		SolutionGuid = {38139EFD-943D-44EF-9D7D-051B26AC133D}
	EndGlobalSection
EndGlobal
